// !$*UTF8*$!
{
	archiveVersion = 1;
	classes = {
	};
	objectVersion = 50;
	objects = {

/* Begin PBXBuildFile section */
		9F86B9A72178A20700C8E7E0 /* AppDelegate.swift in Sources */ = {isa = PBXBuildFile; fileRef = 9F86B9A62178A20700C8E7E0 /* AppDelegate.swift */; };
		9F86B9A92178A20700C8E7E0 /* MethodViewController.swift in Sources */ = {isa = PBXBuildFile; fileRef = 9F86B9A82178A20700C8E7E0 /* MethodViewController.swift */; };
		9F86B9AC2178A20700C8E7E0 /* Method.storyboard in Resources */ = {isa = PBXBuildFile; fileRef = 9F86B9AA2178A20700C8E7E0 /* Method.storyboard */; };
		9F86B9B12178A20A00C8E7E0 /* Assets.xcassets in Resources */ = {isa = PBXBuildFile; fileRef = 9F86B9B02178A20A00C8E7E0 /* Assets.xcassets */; };
		9F86B9C82179FE5A00C8E7E0 /* BrewMethod.swift in Sources */ = {isa = PBXBuildFile; fileRef = 9F86B9C72179FE5A00C8E7E0 /* BrewMethod.swift */; };
		9F86B9D6217DE2AA00C8E7E0 /* Recipe.swift in Sources */ = {isa = PBXBuildFile; fileRef = 9F86B9D5217DE2AA00C8E7E0 /* Recipe.swift */; };
		9F86B9D9217E0A1400C8E7E0 /* Launch Screen.storyboard in Resources */ = {isa = PBXBuildFile; fileRef = 9F86B9D8217E0A1400C8E7E0 /* Launch Screen.storyboard */; };
		9F86B9DC217E0CA100C8E7E0 /* MethodCollectionViewCell.swift in Sources */ = {isa = PBXBuildFile; fileRef = 9F86B9DA217E0CA100C8E7E0 /* MethodCollectionViewCell.swift */; };
		9F86B9DD217E0CA100C8E7E0 /* MethodCollectionViewCell.xib in Resources */ = {isa = PBXBuildFile; fileRef = 9F86B9DB217E0CA100C8E7E0 /* MethodCollectionViewCell.xib */; };
		9F86B9E0217F216900C8E7E0 /* RecipeViewController.swift in Sources */ = {isa = PBXBuildFile; fileRef = 9F86B9DF217F216800C8E7E0 /* RecipeViewController.swift */; };
		9F86B9E2217F218100C8E7E0 /* Recipe.storyboard in Resources */ = {isa = PBXBuildFile; fileRef = 9F86B9E1217F218100C8E7E0 /* Recipe.storyboard */; };
		9F86B9E5217F21A400C8E7E0 /* RecipeTableViewCell.swift in Sources */ = {isa = PBXBuildFile; fileRef = 9F86B9E3217F21A400C8E7E0 /* RecipeTableViewCell.swift */; };
		9F86B9E6217F21A400C8E7E0 /* RecipeTableViewCell.xib in Resources */ = {isa = PBXBuildFile; fileRef = 9F86B9E4217F21A400C8E7E0 /* RecipeTableViewCell.xib */; };
		9F86B9E9217F220F00C8E7E0 /* EntryViewController.swift in Sources */ = {isa = PBXBuildFile; fileRef = 9F86B9E8217F220F00C8E7E0 /* EntryViewController.swift */; };
		9F86B9EB217F221D00C8E7E0 /* Entry.storyboard in Resources */ = {isa = PBXBuildFile; fileRef = 9F86B9EA217F221D00C8E7E0 /* Entry.storyboard */; };
		9FED6CC82180C25000A98BAE /* Entry.swift in Sources */ = {isa = PBXBuildFile; fileRef = 9FED6CC72180C25000A98BAE /* Entry.swift */; };
/* End PBXBuildFile section */

/* Begin PBXFileReference section */
		9F86B9A32178A20700C8E7E0 /* CoffeeRecipeSaver.app */ = {isa = PBXFileReference; explicitFileType = wrapper.application; includeInIndex = 0; path = CoffeeRecipeSaver.app; sourceTree = BUILT_PRODUCTS_DIR; };
		9F86B9A62178A20700C8E7E0 /* AppDelegate.swift */ = {isa = PBXFileReference; lastKnownFileType = sourcecode.swift; path = AppDelegate.swift; sourceTree = "<group>"; };
		9F86B9A82178A20700C8E7E0 /* MethodViewController.swift */ = {isa = PBXFileReference; lastKnownFileType = sourcecode.swift; path = MethodViewController.swift; sourceTree = "<group>"; };
		9F86B9AB2178A20700C8E7E0 /* Base */ = {isa = PBXFileReference; lastKnownFileType = file.storyboard; name = Base; path = Base.lproj/Method.storyboard; sourceTree = "<group>"; };
		9F86B9B02178A20A00C8E7E0 /* Assets.xcassets */ = {isa = PBXFileReference; lastKnownFileType = folder.assetcatalog; path = Assets.xcassets; sourceTree = "<group>"; };
		9F86B9B52178A20A00C8E7E0 /* Info.plist */ = {isa = PBXFileReference; lastKnownFileType = text.plist.xml; path = Info.plist; sourceTree = "<group>"; };
		9F86B9C72179FE5A00C8E7E0 /* BrewMethod.swift */ = {isa = PBXFileReference; lastKnownFileType = sourcecode.swift; path = BrewMethod.swift; sourceTree = "<group>"; };
		9F86B9D5217DE2AA00C8E7E0 /* Recipe.swift */ = {isa = PBXFileReference; lastKnownFileType = sourcecode.swift; path = Recipe.swift; sourceTree = "<group>"; };
		9F86B9D8217E0A1400C8E7E0 /* Launch Screen.storyboard */ = {isa = PBXFileReference; lastKnownFileType = file.storyboard; path = "Launch Screen.storyboard"; sourceTree = "<group>"; };
		9F86B9DA217E0CA100C8E7E0 /* MethodCollectionViewCell.swift */ = {isa = PBXFileReference; lastKnownFileType = sourcecode.swift; path = MethodCollectionViewCell.swift; sourceTree = "<group>"; };
		9F86B9DB217E0CA100C8E7E0 /* MethodCollectionViewCell.xib */ = {isa = PBXFileReference; lastKnownFileType = file.xib; path = MethodCollectionViewCell.xib; sourceTree = "<group>"; };
		9F86B9DF217F216800C8E7E0 /* RecipeViewController.swift */ = {isa = PBXFileReference; lastKnownFileType = sourcecode.swift; path = RecipeViewController.swift; sourceTree = "<group>"; };
		9F86B9E1217F218100C8E7E0 /* Recipe.storyboard */ = {isa = PBXFileReference; lastKnownFileType = file.storyboard; path = Recipe.storyboard; sourceTree = "<group>"; };
		9F86B9E3217F21A400C8E7E0 /* RecipeTableViewCell.swift */ = {isa = PBXFileReference; lastKnownFileType = sourcecode.swift; path = RecipeTableViewCell.swift; sourceTree = "<group>"; };
		9F86B9E4217F21A400C8E7E0 /* RecipeTableViewCell.xib */ = {isa = PBXFileReference; lastKnownFileType = file.xib; path = RecipeTableViewCell.xib; sourceTree = "<group>"; };
		9F86B9E8217F220F00C8E7E0 /* EntryViewController.swift */ = {isa = PBXFileReference; lastKnownFileType = sourcecode.swift; path = EntryViewController.swift; sourceTree = "<group>"; };
		9F86B9EA217F221D00C8E7E0 /* Entry.storyboard */ = {isa = PBXFileReference; lastKnownFileType = file.storyboard; path = Entry.storyboard; sourceTree = "<group>"; };
		9FED6CC72180C25000A98BAE /* Entry.swift */ = {isa = PBXFileReference; lastKnownFileType = sourcecode.swift; path = Entry.swift; sourceTree = "<group>"; };
/* End PBXFileReference section */

/* Begin PBXFrameworksBuildPhase section */
		9F86B9A02178A20700C8E7E0 /* Frameworks */ = {
			isa = PBXFrameworksBuildPhase;
			buildActionMask = 2147483647;
			files = (
			);
			runOnlyForDeploymentPostprocessing = 0;
		};
/* End PBXFrameworksBuildPhase section */

/* Begin PBXGroup section */
		9F86B99A2178A20700C8E7E0 = {
			isa = PBXGroup;
			children = (
				9F86B9A52178A20700C8E7E0 /* CoffeeRecipeSaver */,
				9F86B9A42178A20700C8E7E0 /* Products */,
			);
			sourceTree = "<group>";
		};
		9F86B9A42178A20700C8E7E0 /* Products */ = {
			isa = PBXGroup;
			children = (
				9F86B9A32178A20700C8E7E0 /* CoffeeRecipeSaver.app */,
			);
			name = Products;
			sourceTree = "<group>";
		};
		9F86B9A52178A20700C8E7E0 /* CoffeeRecipeSaver */ = {
			isa = PBXGroup;
			children = (
				9F86B9A62178A20700C8E7E0 /* AppDelegate.swift */,
				9F86B9D0217DDD3900C8E7E0 /* Launch Screen */,
				9F86B9CB217DD4E000C8E7E0 /* Models */,
				9F86B9CC217DD51D00C8E7E0 /* Method */,
				9F86B9B02178A20A00C8E7E0 /* Assets.xcassets */,
				9F86B9B52178A20A00C8E7E0 /* Info.plist */,
			);
			path = CoffeeRecipeSaver;
			sourceTree = "<group>";
		};
		9F86B9CB217DD4E000C8E7E0 /* Models */ = {
			isa = PBXGroup;
			children = (
				9F86B9C72179FE5A00C8E7E0 /* BrewMethod.swift */,
				9F86B9D5217DE2AA00C8E7E0 /* Recipe.swift */,
				9FED6CC72180C25000A98BAE /* Entry.swift */,
			);
			path = Models;
			sourceTree = "<group>";
		};
		9F86B9CC217DD51D00C8E7E0 /* Method */ = {
			isa = PBXGroup;
			children = (
				9F86B9A82178A20700C8E7E0 /* MethodViewController.swift */,
				9F86B9AA2178A20700C8E7E0 /* Method.storyboard */,
				9F86B9DA217E0CA100C8E7E0 /* MethodCollectionViewCell.swift */,
				9F86B9DB217E0CA100C8E7E0 /* MethodCollectionViewCell.xib */,
				9F86B9CD217DD53900C8E7E0 /* Recipe */,
			);
			path = Method;
			sourceTree = "<group>";
		};
		9F86B9CD217DD53900C8E7E0 /* Recipe */ = {
			isa = PBXGroup;
			children = (
				9F86B9DF217F216800C8E7E0 /* RecipeViewController.swift */,
				9F86B9E1217F218100C8E7E0 /* Recipe.storyboard */,
				9F86B9E3217F21A400C8E7E0 /* RecipeTableViewCell.swift */,
				9F86B9E4217F21A400C8E7E0 /* RecipeTableViewCell.xib */,
				9F86B9E7217F21B800C8E7E0 /* Entry */,
			);
			path = Recipe;
			sourceTree = "<group>";
		};
		9F86B9D0217DDD3900C8E7E0 /* Launch Screen */ = {
			isa = PBXGroup;
			children = (
				9F86B9D8217E0A1400C8E7E0 /* Launch Screen.storyboard */,
			);
			path = "Launch Screen";
			sourceTree = "<group>";
		};
		9F86B9E7217F21B800C8E7E0 /* Entry */ = {
			isa = PBXGroup;
			children = (
				9F86B9E8217F220F00C8E7E0 /* EntryViewController.swift */,
				9F86B9EA217F221D00C8E7E0 /* Entry.storyboard */,
			);
			path = Entry;
			sourceTree = "<group>";
		};
/* End PBXGroup section */

/* Begin PBXNativeTarget section */
		9F86B9A22178A20700C8E7E0 /* CoffeeRecipeSaver */ = {
			isa = PBXNativeTarget;
			buildConfigurationList = 9F86B9B82178A20A00C8E7E0 /* Build configuration list for PBXNativeTarget "CoffeeRecipeSaver" */;
			buildPhases = (
				9F86B99F2178A20700C8E7E0 /* Sources */,
				9F86B9A02178A20700C8E7E0 /* Frameworks */,
				9F86B9A12178A20700C8E7E0 /* Resources */,
			);
			buildRules = (
			);
			dependencies = (
			);
			name = CoffeeRecipeSaver;
			productName = CoffeeRecipeSaver;
			productReference = 9F86B9A32178A20700C8E7E0 /* CoffeeRecipeSaver.app */;
			productType = "com.apple.product-type.application";
		};
/* End PBXNativeTarget section */

/* Begin PBXProject section */
		9F86B99B2178A20700C8E7E0 /* Project object */ = {
			isa = PBXProject;
			attributes = {
				LastSwiftUpdateCheck = 0940;
				LastUpgradeCheck = 0940;
				ORGANIZATIONNAME = "Matt Roberts";
				TargetAttributes = {
					9F86B9A22178A20700C8E7E0 = {
						CreatedOnToolsVersion = 9.4;
					};
				};
			};
			buildConfigurationList = 9F86B99E2178A20700C8E7E0 /* Build configuration list for PBXProject "CoffeeRecipeSaver" */;
			compatibilityVersion = "Xcode 9.3";
			developmentRegion = en;
			hasScannedForEncodings = 0;
			knownRegions = (
				en,
				Base,
			);
			mainGroup = 9F86B99A2178A20700C8E7E0;
			productRefGroup = 9F86B9A42178A20700C8E7E0 /* Products */;
			projectDirPath = "";
			projectRoot = "";
			targets = (
				9F86B9A22178A20700C8E7E0 /* CoffeeRecipeSaver */,
			);
		};
/* End PBXProject section */

/* Begin PBXResourcesBuildPhase section */
		9F86B9A12178A20700C8E7E0 /* Resources */ = {
			isa = PBXResourcesBuildPhase;
			buildActionMask = 2147483647;
			files = (
				9F86B9EB217F221D00C8E7E0 /* Entry.storyboard in Resources */,
				9F86B9DD217E0CA100C8E7E0 /* MethodCollectionViewCell.xib in Resources */,
				9F86B9D9217E0A1400C8E7E0 /* Launch Screen.storyboard in Resources */,
				9F86B9B12178A20A00C8E7E0 /* Assets.xcassets in Resources */,
				9F86B9AC2178A20700C8E7E0 /* Method.storyboard in Resources */,
				9F86B9E2217F218100C8E7E0 /* Recipe.storyboard in Resources */,
				9F86B9E6217F21A400C8E7E0 /* RecipeTableViewCell.xib in Resources */,
			);
			runOnlyForDeploymentPostprocessing = 0;
		};
/* End PBXResourcesBuildPhase section */

/* Begin PBXSourcesBuildPhase section */
		9F86B99F2178A20700C8E7E0 /* Sources */ = {
			isa = PBXSourcesBuildPhase;
			buildActionMask = 2147483647;
			files = (
				9F86B9DC217E0CA100C8E7E0 /* MethodCollectionViewCell.swift in Sources */,
				9F86B9A92178A20700C8E7E0 /* MethodViewController.swift in Sources */,
				9F86B9E0217F216900C8E7E0 /* RecipeViewController.swift in Sources */,
				9F86B9E5217F21A400C8E7E0 /* RecipeTableViewCell.swift in Sources */,
				9F86B9C82179FE5A00C8E7E0 /* BrewMethod.swift in Sources */,
				9F86B9E9217F220F00C8E7E0 /* EntryViewController.swift in Sources */,
				9FED6CC82180C25000A98BAE /* Entry.swift in Sources */,
				9F86B9D6217DE2AA00C8E7E0 /* Recipe.swift in Sources */,
				9F86B9A72178A20700C8E7E0 /* AppDelegate.swift in Sources */,
			);
			runOnlyForDeploymentPostprocessing = 0;
		};
/* End PBXSourcesBuildPhase section */

/* Begin PBXVariantGroup section */
		9F86B9AA2178A20700C8E7E0 /* Method.storyboard */ = {
			isa = PBXVariantGroup;
			children = (
				9F86B9AB2178A20700C8E7E0 /* Base */,
			);
			name = Method.storyboard;
			sourceTree = "<group>";
		};
/* End PBXVariantGroup section */

/* Begin XCBuildConfiguration section */
		9F86B9B62178A20A00C8E7E0 /* Debug */ = {
			isa = XCBuildConfiguration;
			buildSettings = {
				ALWAYS_SEARCH_USER_PATHS = NO;
				CLANG_ANALYZER_NONNULL = YES;
				CLANG_ANALYZER_NUMBER_OBJECT_CONVERSION = YES_AGGRESSIVE;
				CLANG_CXX_LANGUAGE_STANDARD = "gnu++14";
				CLANG_CXX_LIBRARY = "libc++";
				CLANG_ENABLE_MODULES = YES;
				CLANG_ENABLE_OBJC_ARC = YES;
				CLANG_ENABLE_OBJC_WEAK = YES;
				CLANG_WARN_BLOCK_CAPTURE_AUTORELEASING = YES;
				CLANG_WARN_BOOL_CONVERSION = YES;
				CLANG_WARN_COMMA = YES;
				CLANG_WARN_CONSTANT_CONVERSION = YES;
				CLANG_WARN_DEPRECATED_OBJC_IMPLEMENTATIONS = YES;
				CLANG_WARN_DIRECT_OBJC_ISA_USAGE = YES_ERROR;
				CLANG_WARN_DOCUMENTATION_COMMENTS = YES;
				CLANG_WARN_EMPTY_BODY = YES;
				CLANG_WARN_ENUM_CONVERSION = YES;
				CLANG_WARN_INFINITE_RECURSION = YES;
				CLANG_WARN_INT_CONVERSION = YES;
				CLANG_WARN_NON_LITERAL_NULL_CONVERSION = YES;
				CLANG_WARN_OBJC_IMPLICIT_RETAIN_SELF = YES;
				CLANG_WARN_OBJC_LITERAL_CONVERSION = YES;
				CLANG_WARN_OBJC_ROOT_CLASS = YES_ERROR;
				CLANG_WARN_RANGE_LOOP_ANALYSIS = YES;
				CLANG_WARN_STRICT_PROTOTYPES = YES;
				CLANG_WARN_SUSPICIOUS_MOVE = YES;
				CLANG_WARN_UNGUARDED_AVAILABILITY = YES_AGGRESSIVE;
				CLANG_WARN_UNREACHABLE_CODE = YES;
				CLANG_WARN__DUPLICATE_METHOD_MATCH = YES;
				CODE_SIGN_IDENTITY = "iPhone Developer";
				COPY_PHASE_STRIP = NO;
				DEBUG_INFORMATION_FORMAT = dwarf;
				ENABLE_STRICT_OBJC_MSGSEND = YES;
				ENABLE_TESTABILITY = YES;
				GCC_C_LANGUAGE_STANDARD = gnu11;
				GCC_DYNAMIC_NO_PIC = NO;
				GCC_NO_COMMON_BLOCKS = YES;
				GCC_OPTIMIZATION_LEVEL = 0;
				GCC_PREPROCESSOR_DEFINITIONS = (
					"DEBUG=1",
					"$(inherited)",
				);
				GCC_WARN_64_TO_32_BIT_CONVERSION = YES;
				GCC_WARN_ABOUT_RETURN_TYPE = YES_ERROR;
				GCC_WARN_UNDECLARED_SELECTOR = YES;
				GCC_WARN_UNINITIALIZED_AUTOS = YES_AGGRESSIVE;
				GCC_WARN_UNUSED_FUNCTION = YES;
				GCC_WARN_UNUSED_VARIABLE = YES;
				IPHONEOS_DEPLOYMENT_TARGET = 11.4;
				MTL_ENABLE_DEBUG_INFO = YES;
				ONLY_ACTIVE_ARCH = YES;
				SDKROOT = iphoneos;
				SWIFT_ACTIVE_COMPILATION_CONDITIONS = DEBUG;
				SWIFT_OPTIMIZATION_LEVEL = "-Onone";
			};
			name = Debug;
		};
		9F86B9B72178A20A00C8E7E0 /* Release */ = {
			isa = XCBuildConfiguration;
			buildSettings = {
				ALWAYS_SEARCH_USER_PATHS = NO;
				CLANG_ANALYZER_NONNULL = YES;
				CLANG_ANALYZER_NUMBER_OBJECT_CONVERSION = YES_AGGRESSIVE;
				CLANG_CXX_LANGUAGE_STANDARD = "gnu++14";
				CLANG_CXX_LIBRARY = "libc++";
				CLANG_ENABLE_MODULES = YES;
				CLANG_ENABLE_OBJC_ARC = YES;
				CLANG_ENABLE_OBJC_WEAK = YES;
				CLANG_WARN_BLOCK_CAPTURE_AUTORELEASING = YES;
				CLANG_WARN_BOOL_CONVERSION = YES;
				CLANG_WARN_COMMA = YES;
				CLANG_WARN_CONSTANT_CONVERSION = YES;
				CLANG_WARN_DEPRECATED_OBJC_IMPLEMENTATIONS = YES;
				CLANG_WARN_DIRECT_OBJC_ISA_USAGE = YES_ERROR;
				CLANG_WARN_DOCUMENTATION_COMMENTS = YES;
				CLANG_WARN_EMPTY_BODY = YES;
				CLANG_WARN_ENUM_CONVERSION = YES;
				CLANG_WARN_INFINITE_RECURSION = YES;
				CLANG_WARN_INT_CONVERSION = YES;
				CLANG_WARN_NON_LITERAL_NULL_CONVERSION = YES;
				CLANG_WARN_OBJC_IMPLICIT_RETAIN_SELF = YES;
				CLANG_WARN_OBJC_LITERAL_CONVERSION = YES;
				CLANG_WARN_OBJC_ROOT_CLASS = YES_ERROR;
				CLANG_WARN_RANGE_LOOP_ANALYSIS = YES;
				CLANG_WARN_STRICT_PROTOTYPES = YES;
				CLANG_WARN_SUSPICIOUS_MOVE = YES;
				CLANG_WARN_UNGUARDED_AVAILABILITY = YES_AGGRESSIVE;
				CLANG_WARN_UNREACHABLE_CODE = YES;
				CLANG_WARN__DUPLICATE_METHOD_MATCH = YES;
				CODE_SIGN_IDENTITY = "iPhone Developer";
				COPY_PHASE_STRIP = NO;
				DEBUG_INFORMATION_FORMAT = "dwarf-with-dsym";
				ENABLE_NS_ASSERTIONS = NO;
				ENABLE_STRICT_OBJC_MSGSEND = YES;
				GCC_C_LANGUAGE_STANDARD = gnu11;
				GCC_NO_COMMON_BLOCKS = YES;
				GCC_WARN_64_TO_32_BIT_CONVERSION = YES;
				GCC_WARN_ABOUT_RETURN_TYPE = YES_ERROR;
				GCC_WARN_UNDECLARED_SELECTOR = YES;
				GCC_WARN_UNINITIALIZED_AUTOS = YES_AGGRESSIVE;
				GCC_WARN_UNUSED_FUNCTION = YES;
				GCC_WARN_UNUSED_VARIABLE = YES;
				IPHONEOS_DEPLOYMENT_TARGET = 11.4;
				MTL_ENABLE_DEBUG_INFO = NO;
				SDKROOT = iphoneos;
				SWIFT_COMPILATION_MODE = wholemodule;
				SWIFT_OPTIMIZATION_LEVEL = "-O";
				VALIDATE_PRODUCT = YES;
			};
			name = Release;
		};
		9F86B9B92178A20A00C8E7E0 /* Debug */ = {
			isa = XCBuildConfiguration;
			buildSettings = {
				ASSETCATALOG_COMPILER_APPICON_NAME = AppIcon;
				CODE_SIGN_STYLE = Automatic;
				INFOPLIST_FILE = CoffeeRecipeSaver/Info.plist;
				LD_RUNPATH_SEARCH_PATHS = (
					"$(inherited)",
					"@executable_path/Frameworks",
				);
				PRODUCT_BUNDLE_IDENTIFIER = com.mau5mat.CoffeeRecipeSaver;
				PRODUCT_NAME = "$(TARGET_NAME)";
				SWIFT_VERSION = 4.0;
				TARGETED_DEVICE_FAMILY = "1,2";
			};
			name = Debug;
		};
		9F86B9BA2178A20A00C8E7E0 /* Release */ = {
			isa = XCBuildConfiguration;
			buildSettings = {
				ASSETCATALOG_COMPILER_APPICON_NAME = AppIcon;
				CODE_SIGN_STYLE = Automatic;
				INFOPLIST_FILE = CoffeeRecipeSaver/Info.plist;
				LD_RUNPATH_SEARCH_PATHS = (
					"$(inherited)",
					"@executable_path/Frameworks",
				);
				PRODUCT_BUNDLE_IDENTIFIER = com.mau5mat.CoffeeRecipeSaver;
				PRODUCT_NAME = "$(TARGET_NAME)";
				SWIFT_VERSION = 4.0;
				TARGETED_DEVICE_FAMILY = "1,2";
			};
			name = Release;
		};
/* End XCBuildConfiguration section */

/* Begin XCConfigurationList section */
		9F86B99E2178A20700C8E7E0 /* Build configuration list for PBXProject "CoffeeRecipeSaver" */ = {
			isa = XCConfigurationList;
			buildConfigurations = (
				9F86B9B62178A20A00C8E7E0 /* Debug */,
				9F86B9B72178A20A00C8E7E0 /* Release */,
			);
			defaultConfigurationIsVisible = 0;
			defaultConfigurationName = Release;
		};
		9F86B9B82178A20A00C8E7E0 /* Build configuration list for PBXNativeTarget "CoffeeRecipeSaver" */ = {
			isa = XCConfigurationList;
			buildConfigurations = (
				9F86B9B92178A20A00C8E7E0 /* Debug */,
				9F86B9BA2178A20A00C8E7E0 /* Release */,
			);
			defaultConfigurationIsVisible = 0;
			defaultConfigurationName = Release;
		};
/* End XCConfigurationList section */
	};
	rootObject = 9F86B99B2178A20700C8E7E0 /* Project object */;
}
